
Microsoft Visual Studio Solution File, Format Version 12.00
# Visual Studio Version 16
VisualStudioVersion = 16.0.30517.126
MinimumVisualStudioVersion = 10.0.40219.1
Project("{FAE04EC0-301F-11D3-BF4B-00C04F79EFBC}") = "WebShell", "WebShell\WebShell.csproj", "{522400D8-8B60-4F2A-A424-55D95D7FA57C}"
EndProject
Global
	GlobalSection(SolutionConfigurationPlatforms) = preSolution
		Debug|Any CPU = Debug|Any CPU
		Release|Any CPU = Release|Any CPU
	EndGlobalSection
	GlobalSection(ProjectConfigurationPlatforms) = postSolution
		{522400D8-8B60-4F2A-A424-55D95D7FA57C}.Debug|Any CPU.ActiveCfg = Debug|Any CPU
		{522400D8-8B60-4F2A-A424-55D95D7FA57C}.Debug|Any CPU.Build.0 = Debug|Any CPU
		{522400D8-8B60-4F2A-A424-55D95D7FA57C}.Release|Any CPU.ActiveCfg = Release|Any CPU
		{522400D8-8B60-4F2A-A424-55D95D7FA57C}.Release|Any CPU.Build.0 = Release|Any CPU
	EndGlobalSection
	GlobalSection(SolutionProperties) = preSolution
		HideSolutionNode = FALSE
	EndGlobalSection
	GlobalSection(ExtensibilityGlobals) = postSolution
		SolutionGuid = {F0F0895B-ECAF-4E5D-9BF5-DF48A3F91542}
	EndGlobalSection
EndGlobal
